
Microsoft Visual Studio Solution File, Format Version 12.00
# Visual Studio Version 17
VisualStudioVersion = 17.10.35122.118
MinimumVisualStudioVersion = 10.0.40219.1
Project("{8BC9CEB8-8B4A-11D0-8D11-00A0C91BC942}") = "START-JUMPFORCE", "START-JUMPFORCE\START-JUMPFORCE.vcxproj", "{7B34FC6A-227E-4C49-84ED-83B223CFB016}"
EndProject
Global
	GlobalSection(SolutionConfigurationPlatforms) = preSolution
		Debug|x64 = Debug|x64
		Debug|x86 = Debug|x86
		Release|x64 = Release|x64
		Release|x86 = Release|x86
	EndGlobalSection
	GlobalSection(ProjectConfigurationPlatforms) = postSolution
		{7B34FC6A-227E-4C49-84ED-83B223CFB016}.Debug|x64.ActiveCfg = Debug|x64
		{7B34FC6A-227E-4C49-84ED-83B223CFB016}.Debug|x64.Build.0 = Debug|x64
		{7B34FC6A-227E-4C49-84ED-83B223CFB016}.Debug|x86.ActiveCfg = Debug|Win32
		{7B34FC6A-227E-4C49-84ED-83B223CFB016}.Debug|x86.Build.0 = Debug|Win32
		{7B34FC6A-227E-4C49-84ED-83B223CFB016}.Release|x64.ActiveCfg = Release|x64
		{7B34FC6A-227E-4C49-84ED-83B223CFB016}.Release|x64.Build.0 = Release|x64
		{7B34FC6A-227E-4C49-84ED-83B223CFB016}.Release|x86.ActiveCfg = Release|Win32
		{7B34FC6A-227E-4C49-84ED-83B223CFB016}.Release|x86.Build.0 = Release|Win32
	EndGlobalSection
	GlobalSection(SolutionProperties) = preSolution
		HideSolutionNode = FALSE
	EndGlobalSection
	GlobalSection(ExtensibilityGlobals) = postSolution
		SolutionGuid = {467CA714-F33C-4795-ADB8-582F1AD13D8F}
	EndGlobalSection
EndGlobal
